
Microsoft Visual Studio Solution File, Format Version 12.00
# Visual Studio Version 16
VisualStudioVersion = 16.0.30309.148
MinimumVisualStudioVersion = 10.0.40219.1
Project("{FAE04EC0-301F-11D3-BF4B-00C04F79EFBC}") = "SUD_PRIKAZ_PRINT", "SUD_PRIKAZ_PRINT\SUD_PRIKAZ_PRINT.csproj", "{90AD3330-9EE5-45F8-BB7D-8774EA133EDF}"
EndProject
Global
	GlobalSection(SolutionConfigurationPlatforms) = preSolution
		Debug|Any CPU = Debug|Any CPU
		Release|Any CPU = Release|Any CPU
	EndGlobalSection
	GlobalSection(ProjectConfigurationPlatforms) = postSolution
		{90AD3330-9EE5-45F8-BB7D-8774EA133EDF}.Debug|Any CPU.ActiveCfg = Debug|Any CPU
		{90AD3330-9EE5-45F8-BB7D-8774EA133EDF}.Debug|Any CPU.Build.0 = Debug|Any CPU
		{90AD3330-9EE5-45F8-BB7D-8774EA133EDF}.Release|Any CPU.ActiveCfg = Release|Any CPU
		{90AD3330-9EE5-45F8-BB7D-8774EA133EDF}.Release|Any CPU.Build.0 = Release|Any CPU
	EndGlobalSection
	GlobalSection(SolutionProperties) = preSolution
		HideSolutionNode = FALSE
	EndGlobalSection
	GlobalSection(ExtensibilityGlobals) = postSolution
		SolutionGuid = {45186DE6-35B1-4E90-A503-BDD8072BD091}
	EndGlobalSection
EndGlobal
